// !$*UTF8*$!
{
	archiveVersion = 1;
	classes = {
	};
	objectVersion = 50;
	objects = {

/* Begin PBXBuildFile section */
		7DA23928241ED22B0075428F /* AppDelegate.swift in Sources */ = {isa = PBXBuildFile; fileRef = 7DA23927241ED22B0075428F /* AppDelegate.swift */; };
		7DA2392A241ED22B0075428F /* SceneDelegate.swift in Sources */ = {isa = PBXBuildFile; fileRef = 7DA23929241ED22B0075428F /* SceneDelegate.swift */; };
		7DA2392C241ED22B0075428F /* SecondController.swift in Sources */ = {isa = PBXBuildFile; fileRef = 7DA2392B241ED22B0075428F /* SecondController.swift */; };
		7DA23931241ED22C0075428F /* Images.xcassets in Resources */ = {isa = PBXBuildFile; fileRef = 7DA23930241ED22C0075428F /* Images.xcassets */; };
		7DA23940241F85EC0075428F /* TabBarController.swift in Sources */ = {isa = PBXBuildFile; fileRef = 7DA2393F241F85EC0075428F /* TabBarController.swift */; };
		7DA23942241F86A50075428F /* FirstController.swift in Sources */ = {isa = PBXBuildFile; fileRef = 7DA23941241F86A50075428F /* FirstController.swift */; };
		7DA23945241F8E070075428F /* Extensions.swift in Sources */ = {isa = PBXBuildFile; fileRef = 7DA23944241F8E070075428F /* Extensions.swift */; };
		7DA23947241FB12E0075428F /* FirstLayout.swift in Sources */ = {isa = PBXBuildFile; fileRef = 7DA23946241FB12E0075428F /* FirstLayout.swift */; };
		7DA23949241FB1820075428F /* Protocols.swift in Sources */ = {isa = PBXBuildFile; fileRef = 7DA23948241FB1820075428F /* Protocols.swift */; };
		7DA2394D242002B30075428F /* AnnotatedPhotoCell.swift in Sources */ = {isa = PBXBuildFile; fileRef = 7DA2394C242002B30075428F /* AnnotatedPhotoCell.swift */; };
		7DA239502420072C0075428F /* Photos.xcassets in Resources */ = {isa = PBXBuildFile; fileRef = 7DA2394F2420072C0075428F /* Photos.xcassets */; };
		7DA23952242007E60075428F /* AnnotatedPhotos.plist in Resources */ = {isa = PBXBuildFile; fileRef = 7DA23951242007E60075428F /* AnnotatedPhotos.plist */; };
		7DA2396C24200AA30075428F /* AnnotatedPhoto.swift in Sources */ = {isa = PBXBuildFile; fileRef = 7DA2396B24200AA30075428F /* AnnotatedPhoto.swift */; };
		7DE896642420CFED0083253F /* PhotoCell.swift in Sources */ = {isa = PBXBuildFile; fileRef = 7DE896632420CFED0083253F /* PhotoCell.swift */; };
		7DE896662420D0920083253F /* SecondLayout.swift in Sources */ = {isa = PBXBuildFile; fileRef = 7DE896652420D0920083253F /* SecondLayout.swift */; };
		7DE89668242143540083253F /* ThirdController.swift in Sources */ = {isa = PBXBuildFile; fileRef = 7DE89667242143540083253F /* ThirdController.swift */; };
		7DE8966A242145990083253F /* ThirdLayout.swift in Sources */ = {isa = PBXBuildFile; fileRef = 7DE89669242145990083253F /* ThirdLayout.swift */; };
		7DE8966C242145EF0083253F /* NumberCell.swift in Sources */ = {isa = PBXBuildFile; fileRef = 7DE8966B242145EF0083253F /* NumberCell.swift */; };
/* End PBXBuildFile section */

/* Begin PBXFileReference section */
		7DA23924241ED22B0075428F /* CVLayouts.app */ = {isa = PBXFileReference; explicitFileType = wrapper.application; includeInIndex = 0; path = CVLayouts.app; sourceTree = BUILT_PRODUCTS_DIR; };
		7DA23927241ED22B0075428F /* AppDelegate.swift */ = {isa = PBXFileReference; lastKnownFileType = sourcecode.swift; path = AppDelegate.swift; sourceTree = "<group>"; };
		7DA23929241ED22B0075428F /* SceneDelegate.swift */ = {isa = PBXFileReference; lastKnownFileType = sourcecode.swift; path = SceneDelegate.swift; sourceTree = "<group>"; };
		7DA2392B241ED22B0075428F /* SecondController.swift */ = {isa = PBXFileReference; lastKnownFileType = sourcecode.swift; path = SecondController.swift; sourceTree = "<group>"; };
		7DA23930241ED22C0075428F /* Images.xcassets */ = {isa = PBXFileReference; lastKnownFileType = folder.assetcatalog; path = Images.xcassets; sourceTree = "<group>"; };
		7DA23935241ED22C0075428F /* Info.plist */ = {isa = PBXFileReference; lastKnownFileType = text.plist.xml; path = Info.plist; sourceTree = "<group>"; };
		7DA2393F241F85EC0075428F /* TabBarController.swift */ = {isa = PBXFileReference; lastKnownFileType = sourcecode.swift; path = TabBarController.swift; sourceTree = "<group>"; };
		7DA23941241F86A50075428F /* FirstController.swift */ = {isa = PBXFileReference; lastKnownFileType = sourcecode.swift; path = FirstController.swift; sourceTree = "<group>"; };
		7DA23944241F8E070075428F /* Extensions.swift */ = {isa = PBXFileReference; lastKnownFileType = sourcecode.swift; path = Extensions.swift; sourceTree = "<group>"; };
		7DA23946241FB12E0075428F /* FirstLayout.swift */ = {isa = PBXFileReference; lastKnownFileType = sourcecode.swift; path = FirstLayout.swift; sourceTree = "<group>"; };
		7DA23948241FB1820075428F /* Protocols.swift */ = {isa = PBXFileReference; lastKnownFileType = sourcecode.swift; path = Protocols.swift; sourceTree = "<group>"; };
		7DA2394C242002B30075428F /* AnnotatedPhotoCell.swift */ = {isa = PBXFileReference; lastKnownFileType = sourcecode.swift; path = AnnotatedPhotoCell.swift; sourceTree = "<group>"; };
		7DA2394F2420072C0075428F /* Photos.xcassets */ = {isa = PBXFileReference; lastKnownFileType = folder.assetcatalog; path = Photos.xcassets; sourceTree = "<group>"; };
		7DA23951242007E60075428F /* AnnotatedPhotos.plist */ = {isa = PBXFileReference; fileEncoding = 4; lastKnownFileType = text.plist.xml; path = AnnotatedPhotos.plist; sourceTree = "<group>"; };
		7DA2396B24200AA30075428F /* AnnotatedPhoto.swift */ = {isa = PBXFileReference; lastKnownFileType = sourcecode.swift; path = AnnotatedPhoto.swift; sourceTree = "<group>"; };
		7DE896632420CFED0083253F /* PhotoCell.swift */ = {isa = PBXFileReference; lastKnownFileType = sourcecode.swift; path = PhotoCell.swift; sourceTree = "<group>"; };
		7DE896652420D0920083253F /* SecondLayout.swift */ = {isa = PBXFileReference; lastKnownFileType = sourcecode.swift; path = SecondLayout.swift; sourceTree = "<group>"; };
		7DE89667242143540083253F /* ThirdController.swift */ = {isa = PBXFileReference; lastKnownFileType = sourcecode.swift; path = ThirdController.swift; sourceTree = "<group>"; };
		7DE89669242145990083253F /* ThirdLayout.swift */ = {isa = PBXFileReference; lastKnownFileType = sourcecode.swift; path = ThirdLayout.swift; sourceTree = "<group>"; };
		7DE8966B242145EF0083253F /* NumberCell.swift */ = {isa = PBXFileReference; lastKnownFileType = sourcecode.swift; path = NumberCell.swift; sourceTree = "<group>"; };
/* End PBXFileReference section */

/* Begin PBXFrameworksBuildPhase section */
		7DA23921241ED22B0075428F /* Frameworks */ = {
			isa = PBXFrameworksBuildPhase;
			buildActionMask = 2147483647;
			files = (
			);
			runOnlyForDeploymentPostprocessing = 0;
		};
/* End PBXFrameworksBuildPhase section */

/* Begin PBXGroup section */
		7DA2391B241ED22B0075428F = {
			isa = PBXGroup;
			children = (
				7DA23926241ED22B0075428F /* CVLayouts */,
				7DA23925241ED22B0075428F /* Products */,
			);
			sourceTree = "<group>";
		};
		7DA23925241ED22B0075428F /* Products */ = {
			isa = PBXGroup;
			children = (
				7DA23924241ED22B0075428F /* CVLayouts.app */,
			);
			name = Products;
			sourceTree = "<group>";
		};
		7DA23926241ED22B0075428F /* CVLayouts */ = {
			isa = PBXGroup;
			children = (
				7DA23927241ED22B0075428F /* AppDelegate.swift */,
				7DA23929241ED22B0075428F /* SceneDelegate.swift */,
				7DA2394E242007030075428F /* Assets */,
				7DA23943241F8DEE0075428F /* Helpers */,
				7DA2393B241F857D0075428F /* Layouts */,
				7DA2393E241F859D0075428F /* Models */,
				7DA2393D241F85900075428F /* Views */,
				7DA2393C241F85840075428F /* View Controllers */,
				7DA23935241ED22C0075428F /* Info.plist */,
			);
			path = CVLayouts;
			sourceTree = "<group>";
		};
		7DA2393B241F857D0075428F /* Layouts */ = {
			isa = PBXGroup;
			children = (
				7DA23946241FB12E0075428F /* FirstLayout.swift */,
				7DE896652420D0920083253F /* SecondLayout.swift */,
				7DE89669242145990083253F /* ThirdLayout.swift */,
			);
			path = Layouts;
			sourceTree = "<group>";
		};
		7DA2393C241F85840075428F /* View Controllers */ = {
			isa = PBXGroup;
			children = (
				7DA2393F241F85EC0075428F /* TabBarController.swift */,
				7DA23941241F86A50075428F /* FirstController.swift */,
				7DA2392B241ED22B0075428F /* SecondController.swift */,
				7DE89667242143540083253F /* ThirdController.swift */,
			);
			path = "View Controllers";
			sourceTree = "<group>";
		};
		7DA2393D241F85900075428F /* Views */ = {
			isa = PBXGroup;
			children = (
				7DA2394C242002B30075428F /* AnnotatedPhotoCell.swift */,
				7DE896632420CFED0083253F /* PhotoCell.swift */,
				7DE8966B242145EF0083253F /* NumberCell.swift */,
			);
			path = Views;
			sourceTree = "<group>";
		};
		7DA2393E241F859D0075428F /* Models */ = {
			isa = PBXGroup;
			children = (
				7DA2396B24200AA30075428F /* AnnotatedPhoto.swift */,
			);
			path = Models;
			sourceTree = "<group>";
		};
		7DA23943241F8DEE0075428F /* Helpers */ = {
			isa = PBXGroup;
			children = (
				7DA23944241F8E070075428F /* Extensions.swift */,
				7DA23948241FB1820075428F /* Protocols.swift */,
			);
			path = Helpers;
			sourceTree = "<group>";
		};
		7DA2394E242007030075428F /* Assets */ = {
			isa = PBXGroup;
			children = (
				7DA23930241ED22C0075428F /* Images.xcassets */,
				7DA23951242007E60075428F /* AnnotatedPhotos.plist */,
				7DA2394F2420072C0075428F /* Photos.xcassets */,
			);
			path = Assets;
			sourceTree = "<group>";
		};
/* End PBXGroup section */

/* Begin PBXNativeTarget section */
		7DA23923241ED22B0075428F /* CVLayouts */ = {
			isa = PBXNativeTarget;
			buildConfigurationList = 7DA23938241ED22C0075428F /* Build configuration list for PBXNativeTarget "CVLayouts" */;
			buildPhases = (
				7DA23920241ED22B0075428F /* Sources */,
				7DA23921241ED22B0075428F /* Frameworks */,
				7DA23922241ED22B0075428F /* Resources */,
			);
			buildRules = (
			);
			dependencies = (
			);
			name = CVLayouts;
			productName = CVLayouts;
			productReference = 7DA23924241ED22B0075428F /* CVLayouts.app */;
			productType = "com.apple.product-type.application";
		};
/* End PBXNativeTarget section */

/* Begin PBXProject section */
		7DA2391C241ED22B0075428F /* Project object */ = {
			isa = PBXProject;
			attributes = {
				LastSwiftUpdateCheck = 1130;
				LastUpgradeCheck = 1130;
				ORGANIZATIONNAME = "Telem Tobi";
				TargetAttributes = {
					7DA23923241ED22B0075428F = {
						CreatedOnToolsVersion = 11.3.1;
					};
				};
			};
			buildConfigurationList = 7DA2391F241ED22B0075428F /* Build configuration list for PBXProject "CVLayouts" */;
			compatibilityVersion = "Xcode 9.3";
			developmentRegion = en;
			hasScannedForEncodings = 0;
			knownRegions = (
				en,
				Base,
			);
			mainGroup = 7DA2391B241ED22B0075428F;
			productRefGroup = 7DA23925241ED22B0075428F /* Products */;
			projectDirPath = "";
			projectRoot = "";
			targets = (
				7DA23923241ED22B0075428F /* CVLayouts */,
			);
		};
/* End PBXProject section */

/* Begin PBXResourcesBuildPhase section */
		7DA23922241ED22B0075428F /* Resources */ = {
			isa = PBXResourcesBuildPhase;
			buildActionMask = 2147483647;
			files = (
				7DA239502420072C0075428F /* Photos.xcassets in Resources */,
				7DA23931241ED22C0075428F /* Images.xcassets in Resources */,
				7DA23952242007E60075428F /* AnnotatedPhotos.plist in Resources */,
			);
			runOnlyForDeploymentPostprocessing = 0;
		};
/* End PBXResourcesBuildPhase section */

/* Begin PBXSourcesBuildPhase section */
		7DA23920241ED22B0075428F /* Sources */ = {
			isa = PBXSourcesBuildPhase;
			buildActionMask = 2147483647;
			files = (
				7DA2396C24200AA30075428F /* AnnotatedPhoto.swift in Sources */,
				7DE89668242143540083253F /* ThirdController.swift in Sources */,
				7DA2392C241ED22B0075428F /* SecondController.swift in Sources */,
				7DE8966C242145EF0083253F /* NumberCell.swift in Sources */,
				7DE8966A242145990083253F /* ThirdLayout.swift in Sources */,
				7DA23947241FB12E0075428F /* FirstLayout.swift in Sources */,
				7DE896642420CFED0083253F /* PhotoCell.swift in Sources */,
				7DA23940241F85EC0075428F /* TabBarController.swift in Sources */,
				7DA2394D242002B30075428F /* AnnotatedPhotoCell.swift in Sources */,
				7DE896662420D0920083253F /* SecondLayout.swift in Sources */,
				7DA23942241F86A50075428F /* FirstController.swift in Sources */,
				7DA23928241ED22B0075428F /* AppDelegate.swift in Sources */,
				7DA23945241F8E070075428F /* Extensions.swift in Sources */,
				7DA2392A241ED22B0075428F /* SceneDelegate.swift in Sources */,
				7DA23949241FB1820075428F /* Protocols.swift in Sources */,
			);
			runOnlyForDeploymentPostprocessing = 0;
		};
/* End PBXSourcesBuildPhase section */

/* Begin XCBuildConfiguration section */
		7DA23936241ED22C0075428F /* Debug */ = {
			isa = XCBuildConfiguration;
			buildSettings = {
				ALWAYS_SEARCH_USER_PATHS = NO;
				CLANG_ANALYZER_NONNULL = YES;
				CLANG_ANALYZER_NUMBER_OBJECT_CONVERSION = YES_AGGRESSIVE;
				CLANG_CXX_LANGUAGE_STANDARD = "gnu++14";
				CLANG_CXX_LIBRARY = "libc++";
				CLANG_ENABLE_MODULES = YES;
				CLANG_ENABLE_OBJC_ARC = YES;
				CLANG_ENABLE_OBJC_WEAK = YES;
				CLANG_WARN_BLOCK_CAPTURE_AUTORELEASING = YES;
				CLANG_WARN_BOOL_CONVERSION = YES;
				CLANG_WARN_COMMA = YES;
				CLANG_WARN_CONSTANT_CONVERSION = YES;
				CLANG_WARN_DEPRECATED_OBJC_IMPLEMENTATIONS = YES;
				CLANG_WARN_DIRECT_OBJC_ISA_USAGE = YES_ERROR;
				CLANG_WARN_DOCUMENTATION_COMMENTS = YES;
				CLANG_WARN_EMPTY_BODY = YES;
				CLANG_WARN_ENUM_CONVERSION = YES;
				CLANG_WARN_INFINITE_RECURSION = YES;
				CLANG_WARN_INT_CONVERSION = YES;
				CLANG_WARN_NON_LITERAL_NULL_CONVERSION = YES;
				CLANG_WARN_OBJC_IMPLICIT_RETAIN_SELF = YES;
				CLANG_WARN_OBJC_LITERAL_CONVERSION = YES;
				CLANG_WARN_OBJC_ROOT_CLASS = YES_ERROR;
				CLANG_WARN_RANGE_LOOP_ANALYSIS = YES;
				CLANG_WARN_STRICT_PROTOTYPES = YES;
				CLANG_WARN_SUSPICIOUS_MOVE = YES;
				CLANG_WARN_UNGUARDED_AVAILABILITY = YES_AGGRESSIVE;
				CLANG_WARN_UNREACHABLE_CODE = YES;
				CLANG_WARN__DUPLICATE_METHOD_MATCH = YES;
				COPY_PHASE_STRIP = NO;
				DEBUG_INFORMATION_FORMAT = dwarf;
				ENABLE_STRICT_OBJC_MSGSEND = YES;
				ENABLE_TESTABILITY = YES;
				GCC_C_LANGUAGE_STANDARD = gnu11;
				GCC_DYNAMIC_NO_PIC = NO;
				GCC_NO_COMMON_BLOCKS = YES;
				GCC_OPTIMIZATION_LEVEL = 0;
				GCC_PREPROCESSOR_DEFINITIONS = (
					"DEBUG=1",
					"$(inherited)",
				);
				GCC_WARN_64_TO_32_BIT_CONVERSION = YES;
				GCC_WARN_ABOUT_RETURN_TYPE = YES_ERROR;
				GCC_WARN_UNDECLARED_SELECTOR = YES;
				GCC_WARN_UNINITIALIZED_AUTOS = YES_AGGRESSIVE;
				GCC_WARN_UNUSED_FUNCTION = YES;
				GCC_WARN_UNUSED_VARIABLE = YES;
				IPHONEOS_DEPLOYMENT_TARGET = 13.2;
				MTL_ENABLE_DEBUG_INFO = INCLUDE_SOURCE;
				MTL_FAST_MATH = YES;
				ONLY_ACTIVE_ARCH = YES;
				SDKROOT = iphoneos;
				SWIFT_ACTIVE_COMPILATION_CONDITIONS = DEBUG;
				SWIFT_OPTIMIZATION_LEVEL = "-Onone";
			};
			name = Debug;
		};
		7DA23937241ED22C0075428F /* Release */ = {
			isa = XCBuildConfiguration;
			buildSettings = {
				ALWAYS_SEARCH_USER_PATHS = NO;
				CLANG_ANALYZER_NONNULL = YES;
				CLANG_ANALYZER_NUMBER_OBJECT_CONVERSION = YES_AGGRESSIVE;
				CLANG_CXX_LANGUAGE_STANDARD = "gnu++14";
				CLANG_CXX_LIBRARY = "libc++";
				CLANG_ENABLE_MODULES = YES;
				CLANG_ENABLE_OBJC_ARC = YES;
				CLANG_ENABLE_OBJC_WEAK = YES;
				CLANG_WARN_BLOCK_CAPTURE_AUTORELEASING = YES;
				CLANG_WARN_BOOL_CONVERSION = YES;
				CLANG_WARN_COMMA = YES;
				CLANG_WARN_CONSTANT_CONVERSION = YES;
				CLANG_WARN_DEPRECATED_OBJC_IMPLEMENTATIONS = YES;
				CLANG_WARN_DIRECT_OBJC_ISA_USAGE = YES_ERROR;
				CLANG_WARN_DOCUMENTATION_COMMENTS = YES;
				CLANG_WARN_EMPTY_BODY = YES;
				CLANG_WARN_ENUM_CONVERSION = YES;
				CLANG_WARN_INFINITE_RECURSION = YES;
				CLANG_WARN_INT_CONVERSION = YES;
				CLANG_WARN_NON_LITERAL_NULL_CONVERSION = YES;
				CLANG_WARN_OBJC_IMPLICIT_RETAIN_SELF = YES;
				CLANG_WARN_OBJC_LITERAL_CONVERSION = YES;
				CLANG_WARN_OBJC_ROOT_CLASS = YES_ERROR;
				CLANG_WARN_RANGE_LOOP_ANALYSIS = YES;
				CLANG_WARN_STRICT_PROTOTYPES = YES;
				CLANG_WARN_SUSPICIOUS_MOVE = YES;
				CLANG_WARN_UNGUARDED_AVAILABILITY = YES_AGGRESSIVE;
				CLANG_WARN_UNREACHABLE_CODE = YES;
				CLANG_WARN__DUPLICATE_METHOD_MATCH = YES;
				COPY_PHASE_STRIP = NO;
				DEBUG_INFORMATION_FORMAT = "dwarf-with-dsym";
				ENABLE_NS_ASSERTIONS = NO;
				ENABLE_STRICT_OBJC_MSGSEND = YES;
				GCC_C_LANGUAGE_STANDARD = gnu11;
				GCC_NO_COMMON_BLOCKS = YES;
				GCC_WARN_64_TO_32_BIT_CONVERSION = YES;
				GCC_WARN_ABOUT_RETURN_TYPE = YES_ERROR;
				GCC_WARN_UNDECLARED_SELECTOR = YES;
				GCC_WARN_UNINITIALIZED_AUTOS = YES_AGGRESSIVE;
				GCC_WARN_UNUSED_FUNCTION = YES;
				GCC_WARN_UNUSED_VARIABLE = YES;
				IPHONEOS_DEPLOYMENT_TARGET = 13.2;
				MTL_ENABLE_DEBUG_INFO = NO;
				MTL_FAST_MATH = YES;
				SDKROOT = iphoneos;
				SWIFT_COMPILATION_MODE = wholemodule;
				SWIFT_OPTIMIZATION_LEVEL = "-O";
				VALIDATE_PRODUCT = YES;
			};
			name = Release;
		};
		7DA23939241ED22C0075428F /* Debug */ = {
			isa = XCBuildConfiguration;
			buildSettings = {
				ASSETCATALOG_COMPILER_APPICON_NAME = AppIcon;
				CODE_SIGN_STYLE = Automatic;
				INFOPLIST_FILE = CVLayouts/Info.plist;
				LD_RUNPATH_SEARCH_PATHS = (
					"$(inherited)",
					"@executable_path/Frameworks",
				);
				PRODUCT_BUNDLE_IDENTIFIER = com.Tobi.CVLayouts;
				PRODUCT_NAME = "$(TARGET_NAME)";
				SWIFT_VERSION = 5.0;
				TARGETED_DEVICE_FAMILY = "1,2";
			};
			name = Debug;
		};
		7DA2393A241ED22C0075428F /* Release */ = {
			isa = XCBuildConfiguration;
			buildSettings = {
				ASSETCATALOG_COMPILER_APPICON_NAME = AppIcon;
				CODE_SIGN_STYLE = Automatic;
				INFOPLIST_FILE = CVLayouts/Info.plist;
				LD_RUNPATH_SEARCH_PATHS = (
					"$(inherited)",
					"@executable_path/Frameworks",
				);
				PRODUCT_BUNDLE_IDENTIFIER = com.Tobi.CVLayouts;
				PRODUCT_NAME = "$(TARGET_NAME)";
				SWIFT_VERSION = 5.0;
				TARGETED_DEVICE_FAMILY = "1,2";
			};
			name = Release;
		};
/* End XCBuildConfiguration section */

/* Begin XCConfigurationList section */
		7DA2391F241ED22B0075428F /* Build configuration list for PBXProject "CVLayouts" */ = {
			isa = XCConfigurationList;
			buildConfigurations = (
				7DA23936241ED22C0075428F /* Debug */,
				7DA23937241ED22C0075428F /* Release */,
			);
			defaultConfigurationIsVisible = 0;
			defaultConfigurationName = Release;
		};
		7DA23938241ED22C0075428F /* Build configuration list for PBXNativeTarget "CVLayouts" */ = {
			isa = XCConfigurationList;
			buildConfigurations = (
				7DA23939241ED22C0075428F /* Debug */,
				7DA2393A241ED22C0075428F /* Release */,
			);
			defaultConfigurationIsVisible = 0;
			defaultConfigurationName = Release;
		};
/* End XCConfigurationList section */
	};
	rootObject = 7DA2391C241ED22B0075428F /* Project object */;
}
